
Microsoft Visual Studio Solution File, Format Version 12.00
Project("{2150E333-8FDC-42A3-9474-1A3956D46DE8}") = "SolutionItems", "SolutionItems", "{AF108ADD-DD1D-4D62-BB9D-54B5EBBACB42}"
	ProjectSection(SolutionItems) = preProject
		.env.example = .env.example
		Makefile = Makefile
		docker-compose.infrastructure.yml = docker-compose.infrastructure.yml
		.gitignore = .gitignore
		docker-compose.tools.yml = docker-compose.tools.yml
		readme.md = readme.md
		Directory.Build.props = Directory.Build.props
	EndProjectSection
EndProject
Project("{2150E333-8FDC-42A3-9474-1A3956D46DE8}") = "src", "src", "{44240D0C-F223-42F3-A60B-B11CD3B402B0}"
EndProject
Project("{FAE04EC0-301F-11D3-BF4B-00C04F79EFBC}") = "Kafka.Api", "src\Kafka.Api\Kafka.Api.csproj", "{488F2609-F684-4498-811B-6816CB4DECE1}"
EndProject
Project("{2150E333-8FDC-42A3-9474-1A3956D46DE8}") = "Confluent", "Confluent", "{3905FE8C-9489-4760-B860-F0BCA20469BC}"
EndProject
Global
	GlobalSection(SolutionConfigurationPlatforms) = preSolution
		Debug|Any CPU = Debug|Any CPU
		Release|Any CPU = Release|Any CPU
	EndGlobalSection
	GlobalSection(NestedProjects) = preSolution
		{3905FE8C-9489-4760-B860-F0BCA20469BC} = {44240D0C-F223-42F3-A60B-B11CD3B402B0}
		{488F2609-F684-4498-811B-6816CB4DECE1} = {3905FE8C-9489-4760-B860-F0BCA20469BC}
	EndGlobalSection
	GlobalSection(ProjectConfigurationPlatforms) = postSolution
		{488F2609-F684-4498-811B-6816CB4DECE1}.Debug|Any CPU.ActiveCfg = Debug|Any CPU
		{488F2609-F684-4498-811B-6816CB4DECE1}.Debug|Any CPU.Build.0 = Debug|Any CPU
		{488F2609-F684-4498-811B-6816CB4DECE1}.Release|Any CPU.ActiveCfg = Release|Any CPU
		{488F2609-F684-4498-811B-6816CB4DECE1}.Release|Any CPU.Build.0 = Release|Any CPU
	EndGlobalSection
EndGlobal
