
Microsoft Visual Studio Solution File, Format Version 12.00
Project("{2150E333-8FDC-42A3-9474-1A3956D46DE8}") = "SolutionItems", "SolutionItems", "{AF108ADD-DD1D-4D62-BB9D-54B5EBBACB42}"
	ProjectSection(SolutionItems) = preProject
		.env.example = .env.example
		Makefile = Makefile
		docker-compose.override.yml = docker-compose.override.yml
		.gitignore = .gitignore
		docker-compose.tools.yml = docker-compose.tools.yml
	EndProjectSection
EndProject
Global
	GlobalSection(SolutionConfigurationPlatforms) = preSolution
		Debug|Any CPU = Debug|Any CPU
		Release|Any CPU = Release|Any CPU
	EndGlobalSection
EndGlobal
